
Microsoft Visual Studio Solution File, Format Version 11.00
# Visual Studio 2010
Project("{FAE04EC0-301F-11D3-BF4B-00C04F79EFBC}") = "OpenPGP", "OpenPGP\OpenPGP.csproj", "{36328A92-8BCF-4C21-9AE5-C9978A69531C}"
EndProject
Project("{FAE04EC0-301F-11D3-BF4B-00C04F79EFBC}") = "OpenPGPTest", "OpenPGPTest\OpenPGPTest.csproj", "{48FD78EA-C8F0-48BE-9B42-242E1E57AA06}"
EndProject
Project("{2150E333-8FDC-42A3-9474-1A3956D46DE8}") = "Solution Items", "Solution Items", "{376CB753-5F6C-4A03-B8CF-D29A523E3ACE}"
	ProjectSection(SolutionItems) = preProject
		CustomDictionary.xml = CustomDictionary.xml
		SolutionInfo.cs = SolutionInfo.cs
	EndProjectSection
EndProject
Global
	GlobalSection(SolutionConfigurationPlatforms) = preSolution
		Debug|Any CPU = Debug|Any CPU
		Release|Any CPU = Release|Any CPU
	EndGlobalSection
	GlobalSection(ProjectConfigurationPlatforms) = postSolution
		{36328A92-8BCF-4C21-9AE5-C9978A69531C}.Debug|Any CPU.ActiveCfg = Debug|Any CPU
		{36328A92-8BCF-4C21-9AE5-C9978A69531C}.Debug|Any CPU.Build.0 = Debug|Any CPU
		{36328A92-8BCF-4C21-9AE5-C9978A69531C}.Release|Any CPU.ActiveCfg = Release|Any CPU
		{36328A92-8BCF-4C21-9AE5-C9978A69531C}.Release|Any CPU.Build.0 = Release|Any CPU
		{48FD78EA-C8F0-48BE-9B42-242E1E57AA06}.Debug|Any CPU.ActiveCfg = Debug|Any CPU
		{48FD78EA-C8F0-48BE-9B42-242E1E57AA06}.Debug|Any CPU.Build.0 = Debug|Any CPU
		{48FD78EA-C8F0-48BE-9B42-242E1E57AA06}.Release|Any CPU.ActiveCfg = Release|Any CPU
		{48FD78EA-C8F0-48BE-9B42-242E1E57AA06}.Release|Any CPU.Build.0 = Release|Any CPU
	EndGlobalSection
	GlobalSection(SolutionProperties) = preSolution
		HideSolutionNode = FALSE
	EndGlobalSection
EndGlobal
